// !$*UTF8*$!
{
	archiveVersion = 1;
	classes = {
	};
	objectVersion = 50;
	objects = {

/* Begin PBXBuildFile section */
		442C80AB219C52440075BC60 /* MessageTableViewCell.swift in Sources */ = {isa = PBXBuildFile; fileRef = 442C80AA219C52440075BC60 /* MessageTableViewCell.swift */; };
		4434358921938ED000D1789A /* Extensions.swift in Sources */ = {isa = PBXBuildFile; fileRef = 4434358821938ED000D1789A /* Extensions.swift */; };
		4434358B2193923400D1789A /* SignupVC.swift in Sources */ = {isa = PBXBuildFile; fileRef = 4434358A2193923400D1789A /* SignupVC.swift */; };
		443FEA12219F54BD00D0D384 /* AcceptedTaskCell.swift in Sources */ = {isa = PBXBuildFile; fileRef = 443FEA11219F54BD00D0D384 /* AcceptedTaskCell.swift */; };
		444B556E219DCC1200B4605F /* ChatLogVC.swift in Sources */ = {isa = PBXBuildFile; fileRef = 444B556D219DCC1200B4605F /* ChatLogVC.swift */; };
		444B5570219DCD7D00B4605F /* ChatMessageCell.swift in Sources */ = {isa = PBXBuildFile; fileRef = 444B556F219DCD7D00B4605F /* ChatMessageCell.swift */; };
		444E002B21A9C01B0082D7BD /* EditProfileVC.swift in Sources */ = {isa = PBXBuildFile; fileRef = 444E002A21A9C01B0082D7BD /* EditProfileVC.swift */; };
		444F64512195F72100EB2304 /* TaskCategoryCell.swift in Sources */ = {isa = PBXBuildFile; fileRef = 444F64502195F72100EB2304 /* TaskCategoryCell.swift */; };
		444F64532195F78A00EB2304 /* TaskSpecificationsVC.swift in Sources */ = {isa = PBXBuildFile; fileRef = 444F64522195F78A00EB2304 /* TaskSpecificationsVC.swift */; };
		444F64562195FD1200EB2304 /* TaskLocationVC.swift in Sources */ = {isa = PBXBuildFile; fileRef = 444F64552195FD1200EB2304 /* TaskLocationVC.swift */; };
		444F64582195FDE900EB2304 /* MapViewDelegate.swift in Sources */ = {isa = PBXBuildFile; fileRef = 444F64572195FDE900EB2304 /* MapViewDelegate.swift */; };
		4458137521A55B620068DB69 /* ReviewCell.swift in Sources */ = {isa = PBXBuildFile; fileRef = 4458137421A55B620068DB69 /* ReviewCell.swift */; };
		44595A1A219DFC920046D84F /* PendingTaskCell.swift in Sources */ = {isa = PBXBuildFile; fileRef = 44595A19219DFC920046D84F /* PendingTaskCell.swift */; };
		44835B6621A198DC00FDF2AA /* CompletedTaskCell.swift in Sources */ = {isa = PBXBuildFile; fileRef = 44835B6521A198DC00FDF2AA /* CompletedTaskCell.swift */; };
		44835B6C21A1C1E500FDF2AA /* ReviewProfileVC.swift in Sources */ = {isa = PBXBuildFile; fileRef = 44835B6B21A1C1E500FDF2AA /* ReviewProfileVC.swift */; };
		44835B7021A1CAB200FDF2AA /* Review.swift in Sources */ = {isa = PBXBuildFile; fileRef = 44835B6F21A1CAB200FDF2AA /* Review.swift */; };
		448695B3219738070018B119 /* Task.swift in Sources */ = {isa = PBXBuildFile; fileRef = 448695B2219738070018B119 /* Task.swift */; };
		448695B5219739850018B119 /* PostCompleteVC.swift in Sources */ = {isa = PBXBuildFile; fileRef = 448695B4219739850018B119 /* PostCompleteVC.swift */; };
		448A16C0219587C300445DE7 /* MainTabBarController.swift in Sources */ = {isa = PBXBuildFile; fileRef = 448A16BF219587C300445DE7 /* MainTabBarController.swift */; };
		448A16C52195889900445DE7 /* UserProfileVC.swift in Sources */ = {isa = PBXBuildFile; fileRef = 448A16C42195889900445DE7 /* UserProfileVC.swift */; };
		448A16C72195892600445DE7 /* MessagesVC.swift in Sources */ = {isa = PBXBuildFile; fileRef = 448A16C62195892600445DE7 /* MessagesVC.swift */; };
		448A16CA219589C900445DE7 /* TaskCategoryPickerVC.swift in Sources */ = {isa = PBXBuildFile; fileRef = 448A16C9219589C900445DE7 /* TaskCategoryPickerVC.swift */; };
		448A16CD21958E1200445DE7 /* User.swift in Sources */ = {isa = PBXBuildFile; fileRef = 448A16CC21958E1200445DE7 /* User.swift */; };
		448A16D02195985600445DE7 /* UserProfileHeader.swift in Sources */ = {isa = PBXBuildFile; fileRef = 448A16CF2195985600445DE7 /* UserProfileHeader.swift */; };
		448A16D2219598DA00445DE7 /* CustomImageView.swift in Sources */ = {isa = PBXBuildFile; fileRef = 448A16D1219598DA00445DE7 /* CustomImageView.swift */; };
		44927A2A21B412FB00EFED66 /* TermsAndConditions.swift in Sources */ = {isa = PBXBuildFile; fileRef = 44927A2921B412FB00EFED66 /* TermsAndConditions.swift */; };
		44927A2E21B41F8C00EFED66 /* terms-and-conditions.txt in Resources */ = {isa = PBXBuildFile; fileRef = 44927A2D21B41F8C00EFED66 /* terms-and-conditions.txt */; };
		449BDD8A219D6D4700E298E3 /* Message.swift in Sources */ = {isa = PBXBuildFile; fileRef = 449BDD89219D6D4700E298E3 /* Message.swift */; };
		449BDD91219D764B00E298E3 /* JugglerProfileVC.swift in Sources */ = {isa = PBXBuildFile; fileRef = 449BDD90219D764B00E298E3 /* JugglerProfileVC.swift */; };
		449BDD93219D768900E298E3 /* JugglerProfileHeaderCell.swift in Sources */ = {isa = PBXBuildFile; fileRef = 449BDD92219D768900E298E3 /* JugglerProfileHeaderCell.swift */; };
		449BDD96219D7AC000E298E3 /* TaskDetailsVC.swift in Sources */ = {isa = PBXBuildFile; fileRef = 449BDD95219D7AC000E298E3 /* TaskDetailsVC.swift */; };
		449BDD99219D7B2500E298E3 /* TaskLocationMapVC.swift in Sources */ = {isa = PBXBuildFile; fileRef = 449BDD98219D7B2500E298E3 /* TaskLocationMapVC.swift */; };
		44A9AC0E2194E6F800A5B234 /* Constants.swift in Sources */ = {isa = PBXBuildFile; fileRef = 44A9AC0D2194E6F800A5B234 /* Constants.swift */; };
		44E223B921936D6600132EE3 /* AppDelegate.swift in Sources */ = {isa = PBXBuildFile; fileRef = 44E223B821936D6600132EE3 /* AppDelegate.swift */; };
		44E223BB21936D6600132EE3 /* LoginVC.swift in Sources */ = {isa = PBXBuildFile; fileRef = 44E223BA21936D6600132EE3 /* LoginVC.swift */; };
		44E223BE21936D6600132EE3 /* Main.storyboard in Resources */ = {isa = PBXBuildFile; fileRef = 44E223BC21936D6600132EE3 /* Main.storyboard */; };
		44E223C021936D6700132EE3 /* Assets.xcassets in Resources */ = {isa = PBXBuildFile; fileRef = 44E223BF21936D6700132EE3 /* Assets.xcassets */; };
		44E223C321936D6700132EE3 /* LaunchScreen.storyboard in Resources */ = {isa = PBXBuildFile; fileRef = 44E223C121936D6700132EE3 /* LaunchScreen.storyboard */; };
		44E223CB21936F3C00132EE3 /* GoogleService-Info.plist in Resources */ = {isa = PBXBuildFile; fileRef = 44E223CA21936F3C00132EE3 /* GoogleService-Info.plist */; };
		44F7D5D421A7FFE200C6D82C /* EditTaskVC.swift in Sources */ = {isa = PBXBuildFile; fileRef = 44F7D5D321A7FFE200C6D82C /* EditTaskVC.swift */; };
		46A156308B889D185F6C2FCF /* Pods_Juggle_LITU.framework in Frameworks */ = {isa = PBXBuildFile; fileRef = E28D968FB06FA74B2256ACD6 /* Pods_Juggle_LITU.framework */; };
/* End PBXBuildFile section */

/* Begin PBXFileReference section */
		442C80AA219C52440075BC60 /* MessageTableViewCell.swift */ = {isa = PBXFileReference; lastKnownFileType = sourcecode.swift; path = MessageTableViewCell.swift; sourceTree = "<group>"; };
		4434358821938ED000D1789A /* Extensions.swift */ = {isa = PBXFileReference; lastKnownFileType = sourcecode.swift; path = Extensions.swift; sourceTree = "<group>"; };
		4434358A2193923400D1789A /* SignupVC.swift */ = {isa = PBXFileReference; lastKnownFileType = sourcecode.swift; path = SignupVC.swift; sourceTree = "<group>"; };
		443FEA11219F54BD00D0D384 /* AcceptedTaskCell.swift */ = {isa = PBXFileReference; lastKnownFileType = sourcecode.swift; path = AcceptedTaskCell.swift; sourceTree = "<group>"; };
		444B556D219DCC1200B4605F /* ChatLogVC.swift */ = {isa = PBXFileReference; lastKnownFileType = sourcecode.swift; path = ChatLogVC.swift; sourceTree = "<group>"; };
		444B556F219DCD7D00B4605F /* ChatMessageCell.swift */ = {isa = PBXFileReference; lastKnownFileType = sourcecode.swift; path = ChatMessageCell.swift; sourceTree = "<group>"; };
		444E002A21A9C01B0082D7BD /* EditProfileVC.swift */ = {isa = PBXFileReference; lastKnownFileType = sourcecode.swift; path = EditProfileVC.swift; sourceTree = "<group>"; };
		444F64502195F72100EB2304 /* TaskCategoryCell.swift */ = {isa = PBXFileReference; lastKnownFileType = sourcecode.swift; path = TaskCategoryCell.swift; sourceTree = "<group>"; };
		444F64522195F78A00EB2304 /* TaskSpecificationsVC.swift */ = {isa = PBXFileReference; lastKnownFileType = sourcecode.swift; path = TaskSpecificationsVC.swift; sourceTree = "<group>"; };
		444F64552195FD1200EB2304 /* TaskLocationVC.swift */ = {isa = PBXFileReference; lastKnownFileType = sourcecode.swift; path = TaskLocationVC.swift; sourceTree = "<group>"; };
		444F64572195FDE900EB2304 /* MapViewDelegate.swift */ = {isa = PBXFileReference; lastKnownFileType = sourcecode.swift; path = MapViewDelegate.swift; sourceTree = "<group>"; };
		4458137421A55B620068DB69 /* ReviewCell.swift */ = {isa = PBXFileReference; lastKnownFileType = sourcecode.swift; path = ReviewCell.swift; sourceTree = "<group>"; };
		44595A19219DFC920046D84F /* PendingTaskCell.swift */ = {isa = PBXFileReference; lastKnownFileType = sourcecode.swift; path = PendingTaskCell.swift; sourceTree = "<group>"; };
		44835B6521A198DC00FDF2AA /* CompletedTaskCell.swift */ = {isa = PBXFileReference; lastKnownFileType = sourcecode.swift; path = CompletedTaskCell.swift; sourceTree = "<group>"; };
		44835B6B21A1C1E500FDF2AA /* ReviewProfileVC.swift */ = {isa = PBXFileReference; lastKnownFileType = sourcecode.swift; path = ReviewProfileVC.swift; sourceTree = "<group>"; };
		44835B6F21A1CAB200FDF2AA /* Review.swift */ = {isa = PBXFileReference; lastKnownFileType = sourcecode.swift; path = Review.swift; sourceTree = "<group>"; };
		448695B2219738070018B119 /* Task.swift */ = {isa = PBXFileReference; lastKnownFileType = sourcecode.swift; path = Task.swift; sourceTree = "<group>"; };
		448695B4219739850018B119 /* PostCompleteVC.swift */ = {isa = PBXFileReference; lastKnownFileType = sourcecode.swift; path = PostCompleteVC.swift; sourceTree = "<group>"; };
		448A16BF219587C300445DE7 /* MainTabBarController.swift */ = {isa = PBXFileReference; lastKnownFileType = sourcecode.swift; path = MainTabBarController.swift; sourceTree = "<group>"; };
		448A16C42195889900445DE7 /* UserProfileVC.swift */ = {isa = PBXFileReference; lastKnownFileType = sourcecode.swift; path = UserProfileVC.swift; sourceTree = "<group>"; };
		448A16C62195892600445DE7 /* MessagesVC.swift */ = {isa = PBXFileReference; lastKnownFileType = sourcecode.swift; path = MessagesVC.swift; sourceTree = "<group>"; };
		448A16C9219589C900445DE7 /* TaskCategoryPickerVC.swift */ = {isa = PBXFileReference; lastKnownFileType = sourcecode.swift; path = TaskCategoryPickerVC.swift; sourceTree = "<group>"; };
		448A16CC21958E1200445DE7 /* User.swift */ = {isa = PBXFileReference; lastKnownFileType = sourcecode.swift; path = User.swift; sourceTree = "<group>"; };
		448A16CF2195985600445DE7 /* UserProfileHeader.swift */ = {isa = PBXFileReference; lastKnownFileType = sourcecode.swift; path = UserProfileHeader.swift; sourceTree = "<group>"; };
		448A16D1219598DA00445DE7 /* CustomImageView.swift */ = {isa = PBXFileReference; lastKnownFileType = sourcecode.swift; path = CustomImageView.swift; sourceTree = "<group>"; };
		44927A2921B412FB00EFED66 /* TermsAndConditions.swift */ = {isa = PBXFileReference; lastKnownFileType = sourcecode.swift; path = TermsAndConditions.swift; sourceTree = "<group>"; };
		44927A2D21B41F8C00EFED66 /* terms-and-conditions.txt */ = {isa = PBXFileReference; fileEncoding = 4; lastKnownFileType = text; name = "terms-and-conditions.txt"; path = "Juggle-LITU/Utilities/terms-and-conditions.txt"; sourceTree = SOURCE_ROOT; };
		449BDD89219D6D4700E298E3 /* Message.swift */ = {isa = PBXFileReference; lastKnownFileType = sourcecode.swift; path = Message.swift; sourceTree = "<group>"; };
		449BDD90219D764B00E298E3 /* JugglerProfileVC.swift */ = {isa = PBXFileReference; lastKnownFileType = sourcecode.swift; path = JugglerProfileVC.swift; sourceTree = "<group>"; };
		449BDD92219D768900E298E3 /* JugglerProfileHeaderCell.swift */ = {isa = PBXFileReference; lastKnownFileType = sourcecode.swift; path = JugglerProfileHeaderCell.swift; sourceTree = "<group>"; };
		449BDD95219D7AC000E298E3 /* TaskDetailsVC.swift */ = {isa = PBXFileReference; lastKnownFileType = sourcecode.swift; path = TaskDetailsVC.swift; sourceTree = "<group>"; };
		449BDD98219D7B2500E298E3 /* TaskLocationMapVC.swift */ = {isa = PBXFileReference; lastKnownFileType = sourcecode.swift; path = TaskLocationMapVC.swift; sourceTree = "<group>"; };
		44A9AC0D2194E6F800A5B234 /* Constants.swift */ = {isa = PBXFileReference; lastKnownFileType = sourcecode.swift; path = Constants.swift; sourceTree = "<group>"; };
		44E223B521936D6600132EE3 /* Juggle-LITU.app */ = {isa = PBXFileReference; explicitFileType = wrapper.application; includeInIndex = 0; path = "Juggle-LITU.app"; sourceTree = BUILT_PRODUCTS_DIR; };
		44E223B821936D6600132EE3 /* AppDelegate.swift */ = {isa = PBXFileReference; lastKnownFileType = sourcecode.swift; path = AppDelegate.swift; sourceTree = "<group>"; };
		44E223BA21936D6600132EE3 /* LoginVC.swift */ = {isa = PBXFileReference; lastKnownFileType = sourcecode.swift; path = LoginVC.swift; sourceTree = "<group>"; };
		44E223BD21936D6600132EE3 /* Base */ = {isa = PBXFileReference; lastKnownFileType = file.storyboard; name = Base; path = Base.lproj/Main.storyboard; sourceTree = "<group>"; };
		44E223BF21936D6700132EE3 /* Assets.xcassets */ = {isa = PBXFileReference; lastKnownFileType = folder.assetcatalog; path = Assets.xcassets; sourceTree = "<group>"; };
		44E223C221936D6700132EE3 /* Base */ = {isa = PBXFileReference; lastKnownFileType = file.storyboard; name = Base; path = Base.lproj/LaunchScreen.storyboard; sourceTree = "<group>"; };
		44E223C421936D6700132EE3 /* Info.plist */ = {isa = PBXFileReference; lastKnownFileType = text.plist.xml; path = Info.plist; sourceTree = "<group>"; };
		44E223CA21936F3C00132EE3 /* GoogleService-Info.plist */ = {isa = PBXFileReference; fileEncoding = 4; lastKnownFileType = text.plist.xml; path = "GoogleService-Info.plist"; sourceTree = "<group>"; };
		44F7D5D321A7FFE200C6D82C /* EditTaskVC.swift */ = {isa = PBXFileReference; lastKnownFileType = sourcecode.swift; path = EditTaskVC.swift; sourceTree = "<group>"; };
		57C323EA0DD680D2B92A3508 /* Pods-Juggle-LITU.debug.xcconfig */ = {isa = PBXFileReference; includeInIndex = 1; lastKnownFileType = text.xcconfig; name = "Pods-Juggle-LITU.debug.xcconfig"; path = "Pods/Target Support Files/Pods-Juggle-LITU/Pods-Juggle-LITU.debug.xcconfig"; sourceTree = "<group>"; };
		6A3FB46AE094FAA3DEFAF3F6 /* Pods-Juggle-LITU.release.xcconfig */ = {isa = PBXFileReference; includeInIndex = 1; lastKnownFileType = text.xcconfig; name = "Pods-Juggle-LITU.release.xcconfig"; path = "Pods/Target Support Files/Pods-Juggle-LITU/Pods-Juggle-LITU.release.xcconfig"; sourceTree = "<group>"; };
		E28D968FB06FA74B2256ACD6 /* Pods_Juggle_LITU.framework */ = {isa = PBXFileReference; explicitFileType = wrapper.framework; includeInIndex = 0; path = Pods_Juggle_LITU.framework; sourceTree = BUILT_PRODUCTS_DIR; };
/* End PBXFileReference section */

/* Begin PBXFrameworksBuildPhase section */
		44E223B221936D6600132EE3 /* Frameworks */ = {
			isa = PBXFrameworksBuildPhase;
			buildActionMask = 2147483647;
			files = (
				46A156308B889D185F6C2FCF /* Pods_Juggle_LITU.framework in Frameworks */,
			);
			runOnlyForDeploymentPostprocessing = 0;
		};
/* End PBXFrameworksBuildPhase section */

/* Begin PBXGroup section */
		4434358621938E7200D1789A /* Login-Signup */ = {
			isa = PBXGroup;
			children = (
				44E223BA21936D6600132EE3 /* LoginVC.swift */,
				4434358A2193923400D1789A /* SignupVC.swift */,
				44927A2921B412FB00EFED66 /* TermsAndConditions.swift */,
			);
			path = "Login-Signup";
			sourceTree = "<group>";
		};
		4434358721938EB700D1789A /* Utilities */ = {
			isa = PBXGroup;
			children = (
				44A9AC0D2194E6F800A5B234 /* Constants.swift */,
				4434358821938ED000D1789A /* Extensions.swift */,
				448A16BF219587C300445DE7 /* MainTabBarController.swift */,
				448A16D1219598DA00445DE7 /* CustomImageView.swift */,
				44927A2D21B41F8C00EFED66 /* terms-and-conditions.txt */,
			);
			path = Utilities;
			sourceTree = "<group>";
		};
		443E04CC219370C9005F7C43 /* SupportingFiles */ = {
			isa = PBXGroup;
			children = (
				44E223CA21936F3C00132EE3 /* GoogleService-Info.plist */,
			);
			path = SupportingFiles;
			sourceTree = "<group>";
		};
		444216E7219388CD005C04B6 /* Views */ = {
			isa = PBXGroup;
			children = (
				44E223C121936D6700132EE3 /* LaunchScreen.storyboard */,
				44E223BC21936D6600132EE3 /* Main.storyboard */,
				44E223BF21936D6700132EE3 /* Assets.xcassets */,
			);
			path = Views;
			sourceTree = "<group>";
		};
		444E002921A9C0050082D7BD /* EditProfile */ = {
			isa = PBXGroup;
			children = (
				444E002A21A9C01B0082D7BD /* EditProfileVC.swift */,
			);
			path = EditProfile;
			sourceTree = "<group>";
		};
		444F64542195FC8800EB2304 /* TaskLocation */ = {
			isa = PBXGroup;
			children = (
				444F64552195FD1200EB2304 /* TaskLocationVC.swift */,
				444F64572195FDE900EB2304 /* MapViewDelegate.swift */,
			);
			path = TaskLocation;
			sourceTree = "<group>";
		};
		44835B6421A195F200FDF2AA /* MutualCells */ = {
			isa = PBXGroup;
			children = (
				443FEA11219F54BD00D0D384 /* AcceptedTaskCell.swift */,
				44835B6521A198DC00FDF2AA /* CompletedTaskCell.swift */,
			);
			path = MutualCells;
			sourceTree = "<group>";
		};
		448A16C12195883B00445DE7 /* UserProfile */ = {
			isa = PBXGroup;
			children = (
				448A16C42195889900445DE7 /* UserProfileVC.swift */,
				448A16CF2195985600445DE7 /* UserProfileHeader.swift */,
				44595A19219DFC920046D84F /* PendingTaskCell.swift */,
				444E002921A9C0050082D7BD /* EditProfile */,
			);
			path = UserProfile;
			sourceTree = "<group>";
		};
		448A16C22195884200445DE7 /* Messages */ = {
			isa = PBXGroup;
			children = (
				448A16C62195892600445DE7 /* MessagesVC.swift */,
				442C80AA219C52440075BC60 /* MessageTableViewCell.swift */,
				444B556D219DCC1200B4605F /* ChatLogVC.swift */,
				444B556F219DCD7D00B4605F /* ChatMessageCell.swift */,
			);
			path = Messages;
			sourceTree = "<group>";
		};
		448A16C32195885900445DE7 /* PostTasks */ = {
			isa = PBXGroup;
			children = (
				448A16C82195899500445DE7 /* ChooseCategory */,
				444F64522195F78A00EB2304 /* TaskSpecificationsVC.swift */,
				444F64542195FC8800EB2304 /* TaskLocation */,
				448695B4219739850018B119 /* PostCompleteVC.swift */,
			);
			path = PostTasks;
			sourceTree = "<group>";
		};
		448A16C82195899500445DE7 /* ChooseCategory */ = {
			isa = PBXGroup;
			children = (
				448A16C9219589C900445DE7 /* TaskCategoryPickerVC.swift */,
				444F64502195F72100EB2304 /* TaskCategoryCell.swift */,
			);
			path = ChooseCategory;
			sourceTree = "<group>";
		};
		448A16CB21958DF400445DE7 /* Models */ = {
			isa = PBXGroup;
			children = (
				448A16CC21958E1200445DE7 /* User.swift */,
				448695B2219738070018B119 /* Task.swift */,
				449BDD89219D6D4700E298E3 /* Message.swift */,
				44835B6F21A1CAB200FDF2AA /* Review.swift */,
			);
			path = Models;
			sourceTree = "<group>";
		};
		448A16CE2195982E00445DE7 /* Profiles */ = {
			isa = PBXGroup;
			children = (
				44835B6B21A1C1E500FDF2AA /* ReviewProfileVC.swift */,
				448A16C12195883B00445DE7 /* UserProfile */,
				449BDD8F219D762A00E298E3 /* JugglerProfile */,
				44835B6421A195F200FDF2AA /* MutualCells */,
			);
			path = Profiles;
			sourceTree = "<group>";
		};
		449BDD8F219D762A00E298E3 /* JugglerProfile */ = {
			isa = PBXGroup;
			children = (
				449BDD90219D764B00E298E3 /* JugglerProfileVC.swift */,
				449BDD92219D768900E298E3 /* JugglerProfileHeaderCell.swift */,
				4458137421A55B620068DB69 /* ReviewCell.swift */,
			);
			path = JugglerProfile;
			sourceTree = "<group>";
		};
		449BDD94219D7A3800E298E3 /* Tasks */ = {
			isa = PBXGroup;
			children = (
				448A16C32195885900445DE7 /* PostTasks */,
				449BDD97219D7AF300E298E3 /* ViewTasks */,
				44F7D5D221A7FF1D00C6D82C /* EditTasks */,
			);
			path = Tasks;
			sourceTree = "<group>";
		};
		449BDD97219D7AF300E298E3 /* ViewTasks */ = {
			isa = PBXGroup;
			children = (
				449BDD95219D7AC000E298E3 /* TaskDetailsVC.swift */,
				449BDD98219D7B2500E298E3 /* TaskLocationMapVC.swift */,
			);
			path = ViewTasks;
			sourceTree = "<group>";
		};
		44E223AC21936D6600132EE3 = {
			isa = PBXGroup;
			children = (
				44E223B721936D6600132EE3 /* Juggle-LITU */,
				44E223B621936D6600132EE3 /* Products */,
				EB37434E2104EF0C9DBC8EF0 /* Pods */,
				D2107584FFF86BA549AE5B2B /* Frameworks */,
			);
			sourceTree = "<group>";
		};
		44E223B621936D6600132EE3 /* Products */ = {
			isa = PBXGroup;
			children = (
				44E223B521936D6600132EE3 /* Juggle-LITU.app */,
			);
			name = Products;
			sourceTree = "<group>";
		};
		44E223B721936D6600132EE3 /* Juggle-LITU */ = {
			isa = PBXGroup;
			children = (
				44E223B821936D6600132EE3 /* AppDelegate.swift */,
				4434358721938EB700D1789A /* Utilities */,
				448A16CB21958DF400445DE7 /* Models */,
				4434358621938E7200D1789A /* Login-Signup */,
				448A16CE2195982E00445DE7 /* Profiles */,
				448A16C22195884200445DE7 /* Messages */,
				449BDD94219D7A3800E298E3 /* Tasks */,
				444216E7219388CD005C04B6 /* Views */,
				44E223C421936D6700132EE3 /* Info.plist */,
				443E04CC219370C9005F7C43 /* SupportingFiles */,
			);
			path = "Juggle-LITU";
			sourceTree = "<group>";
		};
		44F7D5D221A7FF1D00C6D82C /* EditTasks */ = {
			isa = PBXGroup;
			children = (
				44F7D5D321A7FFE200C6D82C /* EditTaskVC.swift */,
			);
			path = EditTasks;
			sourceTree = "<group>";
		};
		D2107584FFF86BA549AE5B2B /* Frameworks */ = {
			isa = PBXGroup;
			children = (
				E28D968FB06FA74B2256ACD6 /* Pods_Juggle_LITU.framework */,
			);
			name = Frameworks;
			sourceTree = "<group>";
		};
		EB37434E2104EF0C9DBC8EF0 /* Pods */ = {
			isa = PBXGroup;
			children = (
				57C323EA0DD680D2B92A3508 /* Pods-Juggle-LITU.debug.xcconfig */,
				6A3FB46AE094FAA3DEFAF3F6 /* Pods-Juggle-LITU.release.xcconfig */,
			);
			name = Pods;
			sourceTree = "<group>";
		};
/* End PBXGroup section */

/* Begin PBXNativeTarget section */
		44E223B421936D6600132EE3 /* Juggle-LITU */ = {
			isa = PBXNativeTarget;
			buildConfigurationList = 44E223C721936D6700132EE3 /* Build configuration list for PBXNativeTarget "Juggle-LITU" */;
			buildPhases = (
				0DA148F71624F79504D10708 /* [CP] Check Pods Manifest.lock */,
				44E223B121936D6600132EE3 /* Sources */,
				44E223B221936D6600132EE3 /* Frameworks */,
				44E223B321936D6600132EE3 /* Resources */,
				FF4AAD3672CD13182C2BE63D /* [CP] Embed Pods Frameworks */,
			);
			buildRules = (
			);
			dependencies = (
			);
			name = "Juggle-LITU";
			productName = "Juggle-LITU";
			productReference = 44E223B521936D6600132EE3 /* Juggle-LITU.app */;
			productType = "com.apple.product-type.application";
		};
/* End PBXNativeTarget section */

/* Begin PBXProject section */
		44E223AD21936D6600132EE3 /* Project object */ = {
			isa = PBXProject;
			attributes = {
				LastSwiftUpdateCheck = 1010;
				LastUpgradeCheck = 1010;
				ORGANIZATIONNAME = "Nathaniel Remy";
				TargetAttributes = {
					44E223B421936D6600132EE3 = {
						CreatedOnToolsVersion = 10.1;
						LastSwiftMigration = 1020;
					};
				};
			};
			buildConfigurationList = 44E223B021936D6600132EE3 /* Build configuration list for PBXProject "Juggle-LITU" */;
			compatibilityVersion = "Xcode 9.3";
			developmentRegion = en;
			hasScannedForEncodings = 0;
			knownRegions = (
				en,
				Base,
			);
			mainGroup = 44E223AC21936D6600132EE3;
			productRefGroup = 44E223B621936D6600132EE3 /* Products */;
			projectDirPath = "";
			projectRoot = "";
			targets = (
				44E223B421936D6600132EE3 /* Juggle-LITU */,
			);
		};
/* End PBXProject section */

/* Begin PBXResourcesBuildPhase section */
		44E223B321936D6600132EE3 /* Resources */ = {
			isa = PBXResourcesBuildPhase;
			buildActionMask = 2147483647;
			files = (
				44E223CB21936F3C00132EE3 /* GoogleService-Info.plist in Resources */,
				44E223C321936D6700132EE3 /* LaunchScreen.storyboard in Resources */,
				44E223C021936D6700132EE3 /* Assets.xcassets in Resources */,
				44E223BE21936D6600132EE3 /* Main.storyboard in Resources */,
				44927A2E21B41F8C00EFED66 /* terms-and-conditions.txt in Resources */,
			);
			runOnlyForDeploymentPostprocessing = 0;
		};
/* End PBXResourcesBuildPhase section */

/* Begin PBXShellScriptBuildPhase section */
		0DA148F71624F79504D10708 /* [CP] Check Pods Manifest.lock */ = {
			isa = PBXShellScriptBuildPhase;
			buildActionMask = 2147483647;
			files = (
			);
			inputPaths = (
				"${PODS_PODFILE_DIR_PATH}/Podfile.lock",
				"${PODS_ROOT}/Manifest.lock",
			);
			name = "[CP] Check Pods Manifest.lock";
			outputPaths = (
				"$(DERIVED_FILE_DIR)/Pods-Juggle-LITU-checkManifestLockResult.txt",
			);
			runOnlyForDeploymentPostprocessing = 0;
			shellPath = /bin/sh;
			shellScript = "diff \"${PODS_PODFILE_DIR_PATH}/Podfile.lock\" \"${PODS_ROOT}/Manifest.lock\" > /dev/null\nif [ $? != 0 ] ; then\n    # print error to STDERR\n    echo \"error: The sandbox is not in sync with the Podfile.lock. Run 'pod install' or update your CocoaPods installation.\" >&2\n    exit 1\nfi\n# This output is used by Xcode 'outputs' to avoid re-running this script phase.\necho \"SUCCESS\" > \"${SCRIPT_OUTPUT_FILE_0}\"\n";
			showEnvVarsInLog = 0;
		};
		FF4AAD3672CD13182C2BE63D /* [CP] Embed Pods Frameworks */ = {
			isa = PBXShellScriptBuildPhase;
			buildActionMask = 2147483647;
			files = (
			);
			inputPaths = (
				"${SRCROOT}/Pods/Target Support Files/Pods-Juggle-LITU/Pods-Juggle-LITU-frameworks.sh",
				"${BUILT_PRODUCTS_DIR}/GTMSessionFetcher/GTMSessionFetcher.framework",
				"${BUILT_PRODUCTS_DIR}/GoogleToolboxForMac/GoogleToolboxForMac.framework",
				"${BUILT_PRODUCTS_DIR}/leveldb-library/leveldb.framework",
				"${BUILT_PRODUCTS_DIR}/nanopb/nanopb.framework",
			);
			name = "[CP] Embed Pods Frameworks";
			outputPaths = (
				"${TARGET_BUILD_DIR}/${FRAMEWORKS_FOLDER_PATH}/GTMSessionFetcher.framework",
				"${TARGET_BUILD_DIR}/${FRAMEWORKS_FOLDER_PATH}/GoogleToolboxForMac.framework",
				"${TARGET_BUILD_DIR}/${FRAMEWORKS_FOLDER_PATH}/leveldb.framework",
				"${TARGET_BUILD_DIR}/${FRAMEWORKS_FOLDER_PATH}/nanopb.framework",
			);
			runOnlyForDeploymentPostprocessing = 0;
			shellPath = /bin/sh;
			shellScript = "\"${SRCROOT}/Pods/Target Support Files/Pods-Juggle-LITU/Pods-Juggle-LITU-frameworks.sh\"\n";
			showEnvVarsInLog = 0;
		};
/* End PBXShellScriptBuildPhase section */

/* Begin PBXSourcesBuildPhase section */
		44E223B121936D6600132EE3 /* Sources */ = {
			isa = PBXSourcesBuildPhase;
			buildActionMask = 2147483647;
			files = (
				44835B6621A198DC00FDF2AA /* CompletedTaskCell.swift in Sources */,
				449BDD96219D7AC000E298E3 /* TaskDetailsVC.swift in Sources */,
				44835B6C21A1C1E500FDF2AA /* ReviewProfileVC.swift in Sources */,
				448A16D02195985600445DE7 /* UserProfileHeader.swift in Sources */,
				448A16D2219598DA00445DE7 /* CustomImageView.swift in Sources */,
				449BDD99219D7B2500E298E3 /* TaskLocationMapVC.swift in Sources */,
				449BDD93219D768900E298E3 /* JugglerProfileHeaderCell.swift in Sources */,
				444B556E219DCC1200B4605F /* ChatLogVC.swift in Sources */,
				444B5570219DCD7D00B4605F /* ChatMessageCell.swift in Sources */,
				44F7D5D421A7FFE200C6D82C /* EditTaskVC.swift in Sources */,
				4458137521A55B620068DB69 /* ReviewCell.swift in Sources */,
				44A9AC0E2194E6F800A5B234 /* Constants.swift in Sources */,
				444F64562195FD1200EB2304 /* TaskLocationVC.swift in Sources */,
				442C80AB219C52440075BC60 /* MessageTableViewCell.swift in Sources */,
				44927A2A21B412FB00EFED66 /* TermsAndConditions.swift in Sources */,
				448695B5219739850018B119 /* PostCompleteVC.swift in Sources */,
				444F64582195FDE900EB2304 /* MapViewDelegate.swift in Sources */,
				448A16CA219589C900445DE7 /* TaskCategoryPickerVC.swift in Sources */,
				444F64512195F72100EB2304 /* TaskCategoryCell.swift in Sources */,
				4434358B2193923400D1789A /* SignupVC.swift in Sources */,
				449BDD91219D764B00E298E3 /* JugglerProfileVC.swift in Sources */,
				443FEA12219F54BD00D0D384 /* AcceptedTaskCell.swift in Sources */,
				448A16C52195889900445DE7 /* UserProfileVC.swift in Sources */,
				448A16C0219587C300445DE7 /* MainTabBarController.swift in Sources */,
				448A16C72195892600445DE7 /* MessagesVC.swift in Sources */,
				444E002B21A9C01B0082D7BD /* EditProfileVC.swift in Sources */,
				44E223BB21936D6600132EE3 /* LoginVC.swift in Sources */,
				4434358921938ED000D1789A /* Extensions.swift in Sources */,
				44835B7021A1CAB200FDF2AA /* Review.swift in Sources */,
				448A16CD21958E1200445DE7 /* User.swift in Sources */,
				44E223B921936D6600132EE3 /* AppDelegate.swift in Sources */,
				44595A1A219DFC920046D84F /* PendingTaskCell.swift in Sources */,
				449BDD8A219D6D4700E298E3 /* Message.swift in Sources */,
				448695B3219738070018B119 /* Task.swift in Sources */,
				444F64532195F78A00EB2304 /* TaskSpecificationsVC.swift in Sources */,
			);
			runOnlyForDeploymentPostprocessing = 0;
		};
/* End PBXSourcesBuildPhase section */

/* Begin PBXVariantGroup section */
		44E223BC21936D6600132EE3 /* Main.storyboard */ = {
			isa = PBXVariantGroup;
			children = (
				44E223BD21936D6600132EE3 /* Base */,
			);
			name = Main.storyboard;
			sourceTree = "<group>";
		};
		44E223C121936D6700132EE3 /* LaunchScreen.storyboard */ = {
			isa = PBXVariantGroup;
			children = (
				44E223C221936D6700132EE3 /* Base */,
			);
			name = LaunchScreen.storyboard;
			sourceTree = "<group>";
		};
/* End PBXVariantGroup section */

/* Begin XCBuildConfiguration section */
		44E223C521936D6700132EE3 /* Debug */ = {
			isa = XCBuildConfiguration;
			buildSettings = {
				ALWAYS_SEARCH_USER_PATHS = NO;
				CLANG_ANALYZER_NONNULL = YES;
				CLANG_ANALYZER_NUMBER_OBJECT_CONVERSION = YES_AGGRESSIVE;
				CLANG_CXX_LANGUAGE_STANDARD = "gnu++14";
				CLANG_CXX_LIBRARY = "libc++";
				CLANG_ENABLE_MODULES = YES;
				CLANG_ENABLE_OBJC_ARC = YES;
				CLANG_ENABLE_OBJC_WEAK = YES;
				CLANG_WARN_BLOCK_CAPTURE_AUTORELEASING = YES;
				CLANG_WARN_BOOL_CONVERSION = YES;
				CLANG_WARN_COMMA = YES;
				CLANG_WARN_CONSTANT_CONVERSION = YES;
				CLANG_WARN_DEPRECATED_OBJC_IMPLEMENTATIONS = YES;
				CLANG_WARN_DIRECT_OBJC_ISA_USAGE = YES_ERROR;
				CLANG_WARN_DOCUMENTATION_COMMENTS = YES;
				CLANG_WARN_EMPTY_BODY = YES;
				CLANG_WARN_ENUM_CONVERSION = YES;
				CLANG_WARN_INFINITE_RECURSION = YES;
				CLANG_WARN_INT_CONVERSION = YES;
				CLANG_WARN_NON_LITERAL_NULL_CONVERSION = YES;
				CLANG_WARN_OBJC_IMPLICIT_RETAIN_SELF = YES;
				CLANG_WARN_OBJC_LITERAL_CONVERSION = YES;
				CLANG_WARN_OBJC_ROOT_CLASS = YES_ERROR;
				CLANG_WARN_RANGE_LOOP_ANALYSIS = YES;
				CLANG_WARN_STRICT_PROTOTYPES = YES;
				CLANG_WARN_SUSPICIOUS_MOVE = YES;
				CLANG_WARN_UNGUARDED_AVAILABILITY = YES_AGGRESSIVE;
				CLANG_WARN_UNREACHABLE_CODE = YES;
				CLANG_WARN__DUPLICATE_METHOD_MATCH = YES;
				CODE_SIGN_IDENTITY = "iPhone Developer";
				COPY_PHASE_STRIP = NO;
				DEBUG_INFORMATION_FORMAT = dwarf;
				ENABLE_STRICT_OBJC_MSGSEND = YES;
				ENABLE_TESTABILITY = YES;
				GCC_C_LANGUAGE_STANDARD = gnu11;
				GCC_DYNAMIC_NO_PIC = NO;
				GCC_NO_COMMON_BLOCKS = YES;
				GCC_OPTIMIZATION_LEVEL = 0;
				GCC_PREPROCESSOR_DEFINITIONS = (
					"DEBUG=1",
					"$(inherited)",
				);
				GCC_WARN_64_TO_32_BIT_CONVERSION = YES;
				GCC_WARN_ABOUT_RETURN_TYPE = YES_ERROR;
				GCC_WARN_UNDECLARED_SELECTOR = YES;
				GCC_WARN_UNINITIALIZED_AUTOS = YES_AGGRESSIVE;
				GCC_WARN_UNUSED_FUNCTION = YES;
				GCC_WARN_UNUSED_VARIABLE = YES;
				IPHONEOS_DEPLOYMENT_TARGET = 12.1;
				MTL_ENABLE_DEBUG_INFO = INCLUDE_SOURCE;
				MTL_FAST_MATH = YES;
				ONLY_ACTIVE_ARCH = YES;
				SDKROOT = iphoneos;
				SWIFT_ACTIVE_COMPILATION_CONDITIONS = DEBUG;
				SWIFT_OPTIMIZATION_LEVEL = "-Onone";
			};
			name = Debug;
		};
		44E223C621936D6700132EE3 /* Release */ = {
			isa = XCBuildConfiguration;
			buildSettings = {
				ALWAYS_SEARCH_USER_PATHS = NO;
				CLANG_ANALYZER_NONNULL = YES;
				CLANG_ANALYZER_NUMBER_OBJECT_CONVERSION = YES_AGGRESSIVE;
				CLANG_CXX_LANGUAGE_STANDARD = "gnu++14";
				CLANG_CXX_LIBRARY = "libc++";
				CLANG_ENABLE_MODULES = YES;
				CLANG_ENABLE_OBJC_ARC = YES;
				CLANG_ENABLE_OBJC_WEAK = YES;
				CLANG_WARN_BLOCK_CAPTURE_AUTORELEASING = YES;
				CLANG_WARN_BOOL_CONVERSION = YES;
				CLANG_WARN_COMMA = YES;
				CLANG_WARN_CONSTANT_CONVERSION = YES;
				CLANG_WARN_DEPRECATED_OBJC_IMPLEMENTATIONS = YES;
				CLANG_WARN_DIRECT_OBJC_ISA_USAGE = YES_ERROR;
				CLANG_WARN_DOCUMENTATION_COMMENTS = YES;
				CLANG_WARN_EMPTY_BODY = YES;
				CLANG_WARN_ENUM_CONVERSION = YES;
				CLANG_WARN_INFINITE_RECURSION = YES;
				CLANG_WARN_INT_CONVERSION = YES;
				CLANG_WARN_NON_LITERAL_NULL_CONVERSION = YES;
				CLANG_WARN_OBJC_IMPLICIT_RETAIN_SELF = YES;
				CLANG_WARN_OBJC_LITERAL_CONVERSION = YES;
				CLANG_WARN_OBJC_ROOT_CLASS = YES_ERROR;
				CLANG_WARN_RANGE_LOOP_ANALYSIS = YES;
				CLANG_WARN_STRICT_PROTOTYPES = YES;
				CLANG_WARN_SUSPICIOUS_MOVE = YES;
				CLANG_WARN_UNGUARDED_AVAILABILITY = YES_AGGRESSIVE;
				CLANG_WARN_UNREACHABLE_CODE = YES;
				CLANG_WARN__DUPLICATE_METHOD_MATCH = YES;
				CODE_SIGN_IDENTITY = "iPhone Developer";
				COPY_PHASE_STRIP = NO;
				DEBUG_INFORMATION_FORMAT = "dwarf-with-dsym";
				ENABLE_NS_ASSERTIONS = NO;
				ENABLE_STRICT_OBJC_MSGSEND = YES;
				GCC_C_LANGUAGE_STANDARD = gnu11;
				GCC_NO_COMMON_BLOCKS = YES;
				GCC_WARN_64_TO_32_BIT_CONVERSION = YES;
				GCC_WARN_ABOUT_RETURN_TYPE = YES_ERROR;
				GCC_WARN_UNDECLARED_SELECTOR = YES;
				GCC_WARN_UNINITIALIZED_AUTOS = YES_AGGRESSIVE;
				GCC_WARN_UNUSED_FUNCTION = YES;
				GCC_WARN_UNUSED_VARIABLE = YES;
				IPHONEOS_DEPLOYMENT_TARGET = 12.1;
				MTL_ENABLE_DEBUG_INFO = NO;
				MTL_FAST_MATH = YES;
				SDKROOT = iphoneos;
				SWIFT_COMPILATION_MODE = wholemodule;
				SWIFT_OPTIMIZATION_LEVEL = "-O";
				VALIDATE_PRODUCT = YES;
			};
			name = Release;
		};
		44E223C821936D6700132EE3 /* Debug */ = {
			isa = XCBuildConfiguration;
			baseConfigurationReference = 57C323EA0DD680D2B92A3508 /* Pods-Juggle-LITU.debug.xcconfig */;
			buildSettings = {
				ASSETCATALOG_COMPILER_APPICON_NAME = AppIcon;
				CODE_SIGN_STYLE = Automatic;
				DEVELOPMENT_TEAM = 6ZT386G464;
				INFOPLIST_FILE = "Juggle-LITU/Info.plist";
				IPHONEOS_DEPLOYMENT_TARGET = 11.0;
				LD_RUNPATH_SEARCH_PATHS = (
					"$(inherited)",
					"@executable_path/Frameworks",
				);
				PRODUCT_BUNDLE_IDENTIFIER = "com.NathanielRemy.Juggle-LITU";
				PRODUCT_NAME = "$(TARGET_NAME)";
				SWIFT_VERSION = 5.0;
				TARGETED_DEVICE_FAMILY = 1;
			};
			name = Debug;
		};
		44E223C921936D6700132EE3 /* Release */ = {
			isa = XCBuildConfiguration;
			baseConfigurationReference = 6A3FB46AE094FAA3DEFAF3F6 /* Pods-Juggle-LITU.release.xcconfig */;
			buildSettings = {
				ASSETCATALOG_COMPILER_APPICON_NAME = AppIcon;
				CODE_SIGN_STYLE = Automatic;
				DEVELOPMENT_TEAM = 6ZT386G464;
				INFOPLIST_FILE = "Juggle-LITU/Info.plist";
				IPHONEOS_DEPLOYMENT_TARGET = 11.0;
				LD_RUNPATH_SEARCH_PATHS = (
					"$(inherited)",
					"@executable_path/Frameworks",
				);
				PRODUCT_BUNDLE_IDENTIFIER = "com.NathanielRemy.Juggle-LITU";
				PRODUCT_NAME = "$(TARGET_NAME)";
				SWIFT_VERSION = 5.0;
				TARGETED_DEVICE_FAMILY = 1;
			};
			name = Release;
		};
/* End XCBuildConfiguration section */

/* Begin XCConfigurationList section */
		44E223B021936D6600132EE3 /* Build configuration list for PBXProject "Juggle-LITU" */ = {
			isa = XCConfigurationList;
			buildConfigurations = (
				44E223C521936D6700132EE3 /* Debug */,
				44E223C621936D6700132EE3 /* Release */,
			);
			defaultConfigurationIsVisible = 0;
			defaultConfigurationName = Release;
		};
		44E223C721936D6700132EE3 /* Build configuration list for PBXNativeTarget "Juggle-LITU" */ = {
			isa = XCConfigurationList;
			buildConfigurations = (
				44E223C821936D6700132EE3 /* Debug */,
				44E223C921936D6700132EE3 /* Release */,
			);
			defaultConfigurationIsVisible = 0;
			defaultConfigurationName = Release;
		};
/* End XCConfigurationList section */
	};
	rootObject = 44E223AD21936D6600132EE3 /* Project object */;
}
